
Microsoft Visual Studio Solution File, Format Version 12.00
# Visual Studio Version 17
VisualStudioVersion = 17.8.34525.116
MinimumVisualStudioVersion = 10.0.40219.1
Project("{FAE04EC0-301F-11D3-BF4B-00C04F79EFBC}") = "GithubCLI", "GithubCLI\GithubCLI.csproj", "{ABDE06A9-D273-4E25-9558-D4D775420E11}"
EndProject
Project("{FAE04EC0-301F-11D3-BF4B-00C04F79EFBC}") = "Project.Tests", "Project.Tests\Project.Tests.csproj", "{8C00A535-FFDA-4626-AD4A-6D2D0337C840}"
EndProject
Global
	GlobalSection(SolutionConfigurationPlatforms) = preSolution
		Debug|Any CPU = Debug|Any CPU
		Release|Any CPU = Release|Any CPU
	EndGlobalSection
	GlobalSection(ProjectConfigurationPlatforms) = postSolution
		{ABDE06A9-D273-4E25-9558-D4D775420E11}.Debug|Any CPU.ActiveCfg = Debug|Any CPU
		{ABDE06A9-D273-4E25-9558-D4D775420E11}.Debug|Any CPU.Build.0 = Debug|Any CPU
		{ABDE06A9-D273-4E25-9558-D4D775420E11}.Release|Any CPU.ActiveCfg = Release|Any CPU
		{ABDE06A9-D273-4E25-9558-D4D775420E11}.Release|Any CPU.Build.0 = Release|Any CPU
		{8C00A535-FFDA-4626-AD4A-6D2D0337C840}.Debug|Any CPU.ActiveCfg = Debug|Any CPU
		{8C00A535-FFDA-4626-AD4A-6D2D0337C840}.Debug|Any CPU.Build.0 = Debug|Any CPU
		{8C00A535-FFDA-4626-AD4A-6D2D0337C840}.Release|Any CPU.ActiveCfg = Release|Any CPU
		{8C00A535-FFDA-4626-AD4A-6D2D0337C840}.Release|Any CPU.Build.0 = Release|Any CPU
	EndGlobalSection
	GlobalSection(SolutionProperties) = preSolution
		HideSolutionNode = FALSE
	EndGlobalSection
	GlobalSection(ExtensibilityGlobals) = postSolution
		SolutionGuid = {C53796AF-8D71-47C9-AF7C-EB78B3C44B13}
	EndGlobalSection
EndGlobal
